# This file is automatically @generated by Cargo.
# It is not intended for manual editing.
version = 4

[[package]]
name = "ferralloc"
version = "0.1.0"
dependencies = [
 "ferralloc-core",
]

[[package]]
name = "ferralloc-bench"
version = "0.1.0"
dependencies = [
 "ferralloc",
 "ferralloc-test-support",
]

[[package]]
name = "ferralloc-core"
version = "0.1.0"

[[package]]
name = "ferralloc-test-support"
version = "0.1.0"
dependencies = [
 "ferralloc",
 "ferralloc-core",
]
